
Microsoft Visual Studio Solution File, Format Version 12.00
# Visual Studio Version 17
VisualStudioVersion = 17.0.31912.275
MinimumVisualStudioVersion = 10.0.40219.1
Project("{FAE04EC0-301F-11D3-BF4B-00C04F79EFBC}") = "Lab.5", "Lab.5.csproj", "{915B31A9-DCA3-48A6-A2CC-18ADCFE25CC7}"
EndProject
Project("{FAE04EC0-301F-11D3-BF4B-00C04F79EFBC}") = "AutoGeistModel", "..\AutoGeistModel\AutoGeistModel.csproj", "{DDE1F0EF-6175-42E3-95BA-C237A7225ABF}"
EndProject
Global
	GlobalSection(SolutionConfigurationPlatforms) = preSolution
		Debug|Any CPU = Debug|Any CPU
		Release|Any CPU = Release|Any CPU
	EndGlobalSection
	GlobalSection(ProjectConfigurationPlatforms) = postSolution
		{915B31A9-DCA3-48A6-A2CC-18ADCFE25CC7}.Debug|Any CPU.ActiveCfg = Debug|Any CPU
		{915B31A9-DCA3-48A6-A2CC-18ADCFE25CC7}.Debug|Any CPU.Build.0 = Debug|Any CPU
		{915B31A9-DCA3-48A6-A2CC-18ADCFE25CC7}.Release|Any CPU.ActiveCfg = Release|Any CPU
		{915B31A9-DCA3-48A6-A2CC-18ADCFE25CC7}.Release|Any CPU.Build.0 = Release|Any CPU
		{DDE1F0EF-6175-42E3-95BA-C237A7225ABF}.Debug|Any CPU.ActiveCfg = Debug|Any CPU
		{DDE1F0EF-6175-42E3-95BA-C237A7225ABF}.Debug|Any CPU.Build.0 = Debug|Any CPU
		{DDE1F0EF-6175-42E3-95BA-C237A7225ABF}.Release|Any CPU.ActiveCfg = Release|Any CPU
		{DDE1F0EF-6175-42E3-95BA-C237A7225ABF}.Release|Any CPU.Build.0 = Release|Any CPU
	EndGlobalSection
	GlobalSection(SolutionProperties) = preSolution
		HideSolutionNode = FALSE
	EndGlobalSection
	GlobalSection(ExtensibilityGlobals) = postSolution
		SolutionGuid = {D2BBC193-1909-4440-9220-C9D58A556962}
	EndGlobalSection
EndGlobal
